
Microsoft Visual Studio Solution File, Format Version 12.00
# Visual Studio Version 17
VisualStudioVersion = 17.4.33213.308
MinimumVisualStudioVersion = 10.0.40219.1
Project("{8BC9CEB8-8B4A-11D0-8D11-00A0C91BC942}") = "Minesweeper", "Minesweeper.vcxproj", "{E0BFB639-C468-4D5C-AB3C-A63BD2FE0856}"
EndProject
Global
	GlobalSection(SolutionConfigurationPlatforms) = preSolution
		Debug|x64 = Debug|x64
		Release|x64 = Release|x64
	EndGlobalSection
	GlobalSection(ProjectConfigurationPlatforms) = postSolution
		{E0BFB639-C468-4D5C-AB3C-A63BD2FE0856}.Debug|x64.ActiveCfg = Debug|x64
		{E0BFB639-C468-4D5C-AB3C-A63BD2FE0856}.Debug|x64.Build.0 = Debug|x64
		{E0BFB639-C468-4D5C-AB3C-A63BD2FE0856}.Release|x64.ActiveCfg = Release|x64
		{E0BFB639-C468-4D5C-AB3C-A63BD2FE0856}.Release|x64.Build.0 = Release|x64
	EndGlobalSection
	GlobalSection(SolutionProperties) = preSolution
		HideSolutionNode = FALSE
	EndGlobalSection
	GlobalSection(ExtensibilityGlobals) = postSolution
		SolutionGuid = {CFF9ABED-F07E-46C9-B213-19531C058229}
	EndGlobalSection
EndGlobal
